
Microsoft Visual Studio Solution File, Format Version 12.00
# Visual Studio Version 17
VisualStudioVersion = 17.11.35431.28
MinimumVisualStudioVersion = 10.0.40219.1
Project("{FAE04EC0-301F-11D3-BF4B-00C04F79EFBC}") = "WPFLab4", "WPFLab4\WPFLab4.csproj", "{3491A564-0AC1-40DA-B9D6-EB52158B399C}"
EndProject
Global
	GlobalSection(SolutionConfigurationPlatforms) = preSolution
		Debug|Any CPU = Debug|Any CPU
		Release|Any CPU = Release|Any CPU
	EndGlobalSection
	GlobalSection(ProjectConfigurationPlatforms) = postSolution
		{3491A564-0AC1-40DA-B9D6-EB52158B399C}.Debug|Any CPU.ActiveCfg = Debug|Any CPU
		{3491A564-0AC1-40DA-B9D6-EB52158B399C}.Debug|Any CPU.Build.0 = Debug|Any CPU
		{3491A564-0AC1-40DA-B9D6-EB52158B399C}.Release|Any CPU.ActiveCfg = Release|Any CPU
		{3491A564-0AC1-40DA-B9D6-EB52158B399C}.Release|Any CPU.Build.0 = Release|Any CPU
	EndGlobalSection
	GlobalSection(SolutionProperties) = preSolution
		HideSolutionNode = FALSE
	EndGlobalSection
	GlobalSection(ExtensibilityGlobals) = postSolution
		SolutionGuid = {E5713A63-EDAD-4F57-8839-89F38110ED35}
	EndGlobalSection
EndGlobal
